
Microsoft Visual Studio Solution File, Format Version 12.00
# Visual Studio Version 17
VisualStudioVersion = 17.7.34024.191
MinimumVisualStudioVersion = 10.0.40219.1
Project("{9A19103F-16F7-4668-BE54-9A1E7A4F7556}") = "YIT.__Domain", "YIT.__Domain\YIT.__Domain.csproj", "{D053A6F9-81FC-4E44-A377-6C4B36DEB53C}"
EndProject
Project("{9A19103F-16F7-4668-BE54-9A1E7A4F7556}") = "YIT._DataAccess", "YIT._DataAccess\YIT._DataAccess.csproj", "{414390E4-2E10-4760-868F-69C4918DA48F}"
EndProject
Project("{9A19103F-16F7-4668-BE54-9A1E7A4F7556}") = "YIT.Akaun", "YIT.Akaun\YIT.Akaun.csproj", "{5C3D50EE-D8EE-46BC-BCAE-3A0FBBCD4636}"
EndProject
Global
	GlobalSection(SolutionConfigurationPlatforms) = preSolution
		Debug|Any CPU = Debug|Any CPU
		Release|Any CPU = Release|Any CPU
	EndGlobalSection
	GlobalSection(ProjectConfigurationPlatforms) = postSolution
		{D053A6F9-81FC-4E44-A377-6C4B36DEB53C}.Debug|Any CPU.ActiveCfg = Debug|Any CPU
		{D053A6F9-81FC-4E44-A377-6C4B36DEB53C}.Debug|Any CPU.Build.0 = Debug|Any CPU
		{D053A6F9-81FC-4E44-A377-6C4B36DEB53C}.Release|Any CPU.ActiveCfg = Release|Any CPU
		{D053A6F9-81FC-4E44-A377-6C4B36DEB53C}.Release|Any CPU.Build.0 = Release|Any CPU
		{414390E4-2E10-4760-868F-69C4918DA48F}.Debug|Any CPU.ActiveCfg = Debug|Any CPU
		{414390E4-2E10-4760-868F-69C4918DA48F}.Debug|Any CPU.Build.0 = Debug|Any CPU
		{414390E4-2E10-4760-868F-69C4918DA48F}.Release|Any CPU.ActiveCfg = Release|Any CPU
		{414390E4-2E10-4760-868F-69C4918DA48F}.Release|Any CPU.Build.0 = Release|Any CPU
		{5C3D50EE-D8EE-46BC-BCAE-3A0FBBCD4636}.Debug|Any CPU.ActiveCfg = Debug|Any CPU
		{5C3D50EE-D8EE-46BC-BCAE-3A0FBBCD4636}.Debug|Any CPU.Build.0 = Debug|Any CPU
		{5C3D50EE-D8EE-46BC-BCAE-3A0FBBCD4636}.Release|Any CPU.ActiveCfg = Release|Any CPU
		{5C3D50EE-D8EE-46BC-BCAE-3A0FBBCD4636}.Release|Any CPU.Build.0 = Release|Any CPU
	EndGlobalSection
	GlobalSection(SolutionProperties) = preSolution
		HideSolutionNode = FALSE
	EndGlobalSection
	GlobalSection(ExtensibilityGlobals) = postSolution
		SolutionGuid = {99A9BEF1-9D06-4905-AFDB-FD8FD455FC17}
	EndGlobalSection
EndGlobal
